
Microsoft Visual Studio Solution File, Format Version 12.00
Project("{FAE04EC0-301F-11D3-BF4B-00C04F79EFBC}") = "WeaponGame.Core", "WeaponGame.Core\WeaponGame.Core.csproj", "{5741850E-2F07-471F-87A5-5EFCE8371B3D}"
EndProject
Project("{FAE04EC0-301F-11D3-BF4B-00C04F79EFBC}") = "WeaponGame.Console", "WeaponGame.Console\WeaponGame.Console.csproj", "{67529A86-F01D-420C-AEE1-46C4043A8778}"
EndProject
Global
	GlobalSection(SolutionConfigurationPlatforms) = preSolution
		Debug|Any CPU = Debug|Any CPU
		Release|Any CPU = Release|Any CPU
	EndGlobalSection
	GlobalSection(ProjectConfigurationPlatforms) = postSolution
		{5741850E-2F07-471F-87A5-5EFCE8371B3D}.Debug|Any CPU.ActiveCfg = Debug|Any CPU
		{5741850E-2F07-471F-87A5-5EFCE8371B3D}.Debug|Any CPU.Build.0 = Debug|Any CPU
		{5741850E-2F07-471F-87A5-5EFCE8371B3D}.Release|Any CPU.ActiveCfg = Release|Any CPU
		{5741850E-2F07-471F-87A5-5EFCE8371B3D}.Release|Any CPU.Build.0 = Release|Any CPU
		{67529A86-F01D-420C-AEE1-46C4043A8778}.Debug|Any CPU.ActiveCfg = Debug|Any CPU
		{67529A86-F01D-420C-AEE1-46C4043A8778}.Debug|Any CPU.Build.0 = Debug|Any CPU
		{67529A86-F01D-420C-AEE1-46C4043A8778}.Release|Any CPU.ActiveCfg = Release|Any CPU
		{67529A86-F01D-420C-AEE1-46C4043A8778}.Release|Any CPU.Build.0 = Release|Any CPU
	EndGlobalSection
EndGlobal
